{
  "requires": true,
  "lockfileVersion": 1,
  "dependencies": {
    "v-money-no-negative": {
      "version": "0.8.3",
      "resolved": "https://registry.npmjs.org/v-money-no-negative/-/v-money-no-negative-0.8.3.tgz",
      "integrity": "sha512-DEDKYwzg5qNJoYNi7uX9GC4FfhC/dz+Zz5pKrtyeVvZC7wDNyNDIRO77RaFRA1IrspLTnEOgstmcHg2D3+VPwQ=="
    }
  }
}
